github.com/reF1nd/sing-box v1.15.0-alpha.10-reF1nd h1:FIzIH0PDRrrxsRtpIrmcKetkZ3UO9m7VT47Zsw9/HPw=
github.com/reF1nd/sing-box v1.15.0-alpha.10-reF1nd/go.mod h1:3EwkPDWzo43vGOlvqAeOZdELuUJipUAL59GaSH3zbr0=
github.com/reF1nd/sing-box v1.15.0-alpha.11-reF1nd h1:4dVOGlE/zE66kKoCdls2UR7DoVGuqBbML8Gs8SXnyOg=
github.com/reF1nd/sing-box v1.15.0-alpha.11-reF1nd/go.mod h1:f9+s4cQKbUJ+TLtDuLGv/fJBt9FQgkcLE2V0Jgbq6XY=
github.com/reF1nd/sing-box v1.15.0-alpha.6-reF1nd h1:Kp3Uph+F801UtE4Vg7RhkkFpzONup8GGBR7rwpIK4T8=
github.com/reF1nd/sing-box v1.15.0-alpha.6-reF1nd/go.mod h1:HlHD/sNOvHIgwW1k5oilMV8BalBA1rohG3it0vmWiRg=
github.com/reF1nd/sing-box v1.15.0-alpha.8-reF1nd h1:UvflW15Z9OSNXkt/aCv8Fi/+bkRd0Y7ocGQkJf709wY=
github.com/reF1nd/sing-box v1.15.0-alpha.8-reF1nd/go.mod h1:lSfjGuslFJk+n88E8akt3sPWy//mbI2o5at6T7XfZQM=
github.com/reF1nd/sing-box v1.15.0-alpha.9-reF1nd h1:w4ZRNyGrU2gCEO528t/YxendMlrObeYEOqYDw/3768E=
github.com/reF1nd/sing-box v1.15.0-alpha.9-reF1nd/go.mod h1:wNwHRGdwQ6zuyxtQqQjgPV0KVv55DXA1UO3G2S15PnQ=
github.com/sagernet/gomobile v0.1.13 h1:foTOGKJetah9VwaJl1XJx5TswIAVg8NfYmHOhrOc95I=
github.com/sagernet/gomobile v0.1.13/go.mod h1:A8l3FlHi2D/+mfcd4HHvk5DGFPW/ShFb9jHP5VmSiDY=
