github.com/reF1nd/sing-box v1.15.0-alpha.6-reF1nd h1:Kp3Uph+F801UtE4Vg7RhkkFpzONup8GGBR7rwpIK4T8=
github.com/reF1nd/sing-box v1.15.0-alpha.6-reF1nd/go.mod h1:HlHD/sNOvHIgwW1k5oilMV8BalBA1rohG3it0vmWiRg=
github.com/sagernet/gomobile v0.1.13 h1:foTOGKJetah9VwaJl1XJx5TswIAVg8NfYmHOhrOc95I=
github.com/sagernet/gomobile v0.1.13/go.mod h1:A8l3FlHi2D/+mfcd4HHvk5DGFPW/ShFb9jHP5VmSiDY=
